
Microsoft Visual Studio Solution File, Format Version 12.00
# Visual Studio Version 17
VisualStudioVersion = 17.7.34031.279
MinimumVisualStudioVersion = 10.0.40219.1
Project("{FAE04EC0-301F-11D3-BF4B-00C04F79EFBC}") = "ConsoleApp3", "ConsoleApp3.csproj", "{8A754E0E-CF2C-4F04-B649-5866C85BB234}"
EndProject
Global
	GlobalSection(SolutionConfigurationPlatforms) = preSolution
		Debug|Any CPU = Debug|Any CPU
		Release|Any CPU = Release|Any CPU
	EndGlobalSection
	GlobalSection(ProjectConfigurationPlatforms) = postSolution
		{8A754E0E-CF2C-4F04-B649-5866C85BB234}.Debug|Any CPU.ActiveCfg = Debug|Any CPU
		{8A754E0E-CF2C-4F04-B649-5866C85BB234}.Debug|Any CPU.Build.0 = Debug|Any CPU
		{8A754E0E-CF2C-4F04-B649-5866C85BB234}.Release|Any CPU.ActiveCfg = Release|Any CPU
		{8A754E0E-CF2C-4F04-B649-5866C85BB234}.Release|Any CPU.Build.0 = Release|Any CPU
	EndGlobalSection
	GlobalSection(SolutionProperties) = preSolution
		HideSolutionNode = FALSE
	EndGlobalSection
	GlobalSection(ExtensibilityGlobals) = postSolution
		SolutionGuid = {0219C1D3-905E-4521-AE9A-79A7538B1C84}
	EndGlobalSection
EndGlobal
